
Microsoft Visual Studio Solution File, Format Version 12.00
# Visual Studio 2012
Project("{D954291E-2A0B-460D-934E-DC6B0785DB48}") = "Converter", "Converter\Converter.shproj", "{4F234F95-8999-4DE7-BA20-98E23DE9B8DB}"
EndProject
Project("{FAE04EC0-301F-11D3-BF4B-00C04F79EFBC}") = "Converter.Droid", "Droid\Converter.Droid.csproj", "{1818D2F2-054D-47D8-8753-9DAC3224660A}"
EndProject
Project("{FAE04EC0-301F-11D3-BF4B-00C04F79EFBC}") = "Converter.iOS", "iOS\Converter.iOS.csproj", "{9DB326FE-6B3A-4FA9-B36C-23551285C984}"
EndProject
Global
	GlobalSection(SolutionConfigurationPlatforms) = preSolution
		Debug|Any CPU = Debug|Any CPU
		Release|Any CPU = Release|Any CPU
		Debug|iPhoneSimulator = Debug|iPhoneSimulator
		Release|iPhone = Release|iPhone
		Release|iPhoneSimulator = Release|iPhoneSimulator
		Debug|iPhone = Debug|iPhone
	EndGlobalSection
	GlobalSection(ProjectConfigurationPlatforms) = postSolution
		{1818D2F2-054D-47D8-8753-9DAC3224660A}.Debug|Any CPU.ActiveCfg = Debug|Any CPU
		{1818D2F2-054D-47D8-8753-9DAC3224660A}.Debug|Any CPU.Build.0 = Debug|Any CPU
		{1818D2F2-054D-47D8-8753-9DAC3224660A}.Release|Any CPU.ActiveCfg = Release|Any CPU
		{1818D2F2-054D-47D8-8753-9DAC3224660A}.Release|Any CPU.Build.0 = Release|Any CPU
		{1818D2F2-054D-47D8-8753-9DAC3224660A}.Debug|iPhoneSimulator.ActiveCfg = Debug|Any CPU
		{1818D2F2-054D-47D8-8753-9DAC3224660A}.Debug|iPhoneSimulator.Build.0 = Debug|Any CPU
		{1818D2F2-054D-47D8-8753-9DAC3224660A}.Release|iPhone.ActiveCfg = Release|Any CPU
		{1818D2F2-054D-47D8-8753-9DAC3224660A}.Release|iPhone.Build.0 = Release|Any CPU
		{1818D2F2-054D-47D8-8753-9DAC3224660A}.Release|iPhoneSimulator.ActiveCfg = Release|Any CPU
		{1818D2F2-054D-47D8-8753-9DAC3224660A}.Release|iPhoneSimulator.Build.0 = Release|Any CPU
		{1818D2F2-054D-47D8-8753-9DAC3224660A}.Debug|iPhone.ActiveCfg = Debug|Any CPU
		{1818D2F2-054D-47D8-8753-9DAC3224660A}.Debug|iPhone.Build.0 = Debug|Any CPU
		{9DB326FE-6B3A-4FA9-B36C-23551285C984}.Debug|Any CPU.ActiveCfg = Debug|iPhoneSimulator
		{9DB326FE-6B3A-4FA9-B36C-23551285C984}.Debug|Any CPU.Build.0 = Debug|iPhoneSimulator
		{9DB326FE-6B3A-4FA9-B36C-23551285C984}.Release|Any CPU.ActiveCfg = Release|iPhone
		{9DB326FE-6B3A-4FA9-B36C-23551285C984}.Release|Any CPU.Build.0 = Release|iPhone
		{9DB326FE-6B3A-4FA9-B36C-23551285C984}.Debug|iPhoneSimulator.ActiveCfg = Debug|iPhoneSimulator
		{9DB326FE-6B3A-4FA9-B36C-23551285C984}.Debug|iPhoneSimulator.Build.0 = Debug|iPhoneSimulator
		{9DB326FE-6B3A-4FA9-B36C-23551285C984}.Release|iPhone.ActiveCfg = Release|iPhone
		{9DB326FE-6B3A-4FA9-B36C-23551285C984}.Release|iPhone.Build.0 = Release|iPhone
		{9DB326FE-6B3A-4FA9-B36C-23551285C984}.Release|iPhoneSimulator.ActiveCfg = Release|iPhoneSimulator
		{9DB326FE-6B3A-4FA9-B36C-23551285C984}.Release|iPhoneSimulator.Build.0 = Release|iPhoneSimulator
		{9DB326FE-6B3A-4FA9-B36C-23551285C984}.Debug|iPhone.ActiveCfg = Debug|iPhone
		{9DB326FE-6B3A-4FA9-B36C-23551285C984}.Debug|iPhone.Build.0 = Debug|iPhone
	EndGlobalSection
EndGlobal
